
Microsoft Visual Studio Solution File, Format Version 12.00
# Visual Studio Version 16
VisualStudioVersion = 16.0.30204.135
MinimumVisualStudioVersion = 10.0.40219.1
Project("{FAE04EC0-301F-11D3-BF4B-00C04F79EFBC}") = "MobileShopV", "MobileShopV\MobileShopV.csproj", "{F1EDFAEF-BE51-4A34-BE6A-F3AB70A24A73}"
EndProject
Project("{FAE04EC0-301F-11D3-BF4B-00C04F79EFBC}") = "Model", "Model\Model.csproj", "{EA2502E0-7ED0-41DF-ADC4-717518FEF3D8}"
EndProject
Global
	GlobalSection(SolutionConfigurationPlatforms) = preSolution
		Debug|Any CPU = Debug|Any CPU
		Release|Any CPU = Release|Any CPU
	EndGlobalSection
	GlobalSection(ProjectConfigurationPlatforms) = postSolution
		{F1EDFAEF-BE51-4A34-BE6A-F3AB70A24A73}.Debug|Any CPU.ActiveCfg = Debug|Any CPU
		{F1EDFAEF-BE51-4A34-BE6A-F3AB70A24A73}.Debug|Any CPU.Build.0 = Debug|Any CPU
		{F1EDFAEF-BE51-4A34-BE6A-F3AB70A24A73}.Release|Any CPU.ActiveCfg = Release|Any CPU
		{F1EDFAEF-BE51-4A34-BE6A-F3AB70A24A73}.Release|Any CPU.Build.0 = Release|Any CPU
		{EA2502E0-7ED0-41DF-ADC4-717518FEF3D8}.Debug|Any CPU.ActiveCfg = Debug|Any CPU
		{EA2502E0-7ED0-41DF-ADC4-717518FEF3D8}.Debug|Any CPU.Build.0 = Debug|Any CPU
		{EA2502E0-7ED0-41DF-ADC4-717518FEF3D8}.Release|Any CPU.ActiveCfg = Release|Any CPU
		{EA2502E0-7ED0-41DF-ADC4-717518FEF3D8}.Release|Any CPU.Build.0 = Release|Any CPU
	EndGlobalSection
	GlobalSection(SolutionProperties) = preSolution
		HideSolutionNode = FALSE
	EndGlobalSection
	GlobalSection(ExtensibilityGlobals) = postSolution
		SolutionGuid = {FFB9B0E1-B957-4DCB-BD2E-DABAB8CF1E1A}
	EndGlobalSection
EndGlobal
